<?xml version="1.0" encoding="utf-8"?>
<Project ToolsVersion="4.0" xmlns="http://schemas.microsoft.com/developer/msbuild/2003">
  <ItemGroup>
    <ClCompile Include="Classifier.cpp" />
    <ClCompile Include="Data.cpp" />
    <ClCompile Include="Exception.cpp" />
    <ClCompile Include="NNeighbor.cpp" />
    <ClCompile Include="OtherClassifier.cpp" />
    <ClCompile Include="Source.cpp" />
    <ClCompile Include="OtherModel.cpp" />
  </ItemGroup>
  <ItemGroup>
    <ClInclude Include="Classifier.h" />
    <ClInclude Include="Data.h" />
    <ClInclude Include="Exception.h" />
    <ClInclude Include="NNeighbor.h" />
    <ClInclude Include="OtherClassifier.h" />
    <ClInclude Include="OtherModel.h" />
  </ItemGroup>
</Project>